
Microsoft Visual Studio Solution File, Format Version 12.00
# Visual Studio 15
VisualStudioVersion = 15.0.28307.438
MinimumVisualStudioVersion = 10.0.40219.1
Project("{FAE04EC0-301F-11D3-BF4B-00C04F79EFBC}") = "Problema do Caixeiro Viajante", "Problema do Caixeiro Viajante\Problema do Caixeiro Viajante.csproj", "{1FDD49F6-46BF-4997-99D2-44F9F8976E0A}"
EndProject
Global
	GlobalSection(SolutionConfigurationPlatforms) = preSolution
		Debug|Any CPU = Debug|Any CPU
		Release|Any CPU = Release|Any CPU
	EndGlobalSection
	GlobalSection(ProjectConfigurationPlatforms) = postSolution
		{1FDD49F6-46BF-4997-99D2-44F9F8976E0A}.Debug|Any CPU.ActiveCfg = Debug|Any CPU
		{1FDD49F6-46BF-4997-99D2-44F9F8976E0A}.Debug|Any CPU.Build.0 = Debug|Any CPU
		{1FDD49F6-46BF-4997-99D2-44F9F8976E0A}.Release|Any CPU.ActiveCfg = Release|Any CPU
		{1FDD49F6-46BF-4997-99D2-44F9F8976E0A}.Release|Any CPU.Build.0 = Release|Any CPU
	EndGlobalSection
	GlobalSection(SolutionProperties) = preSolution
		HideSolutionNode = FALSE
	EndGlobalSection
	GlobalSection(ExtensibilityGlobals) = postSolution
		SolutionGuid = {4F425E7C-89FB-4543-BB8A-3967B25688C7}
	EndGlobalSection
EndGlobal
